// !$*UTF8*$!
{
	archiveVersion = 1;
	classes = {
	};
	objectVersion = 56;
	objects = {

/* Begin PBXBuildFile section */
		E2002CC22A61C8DF00625AD6 /* CollectionViewTableViewCell.swift in Sources */ = {isa = PBXBuildFile; fileRef = E2002CC12A61C8DF00625AD6 /* CollectionViewTableViewCell.swift */; };
		E2002CC42A63059700625AD6 /* HeroHeaderUIView.swift in Sources */ = {isa = PBXBuildFile; fileRef = E2002CC32A63059700625AD6 /* HeroHeaderUIView.swift */; };
		E21604942A606FD900791C24 /* AppDelegate.swift in Sources */ = {isa = PBXBuildFile; fileRef = E21604932A606FD900791C24 /* AppDelegate.swift */; };
		E21604962A606FD900791C24 /* SceneDelegate.swift in Sources */ = {isa = PBXBuildFile; fileRef = E21604952A606FD900791C24 /* SceneDelegate.swift */; };
		E21604982A606FD900791C24 /* MainTabBarViewController.swift in Sources */ = {isa = PBXBuildFile; fileRef = E21604972A606FD900791C24 /* MainTabBarViewController.swift */; };
		E216049D2A606FDA00791C24 /* Assets.xcassets in Resources */ = {isa = PBXBuildFile; fileRef = E216049C2A606FDA00791C24 /* Assets.xcassets */; };
		E21604A02A606FDA00791C24 /* LaunchScreen.storyboard in Resources */ = {isa = PBXBuildFile; fileRef = E216049E2A606FDA00791C24 /* LaunchScreen.storyboard */; };
		E21604A92A6079CE00791C24 /* HomeViewController.swift in Sources */ = {isa = PBXBuildFile; fileRef = E21604A82A6079CE00791C24 /* HomeViewController.swift */; };
		E21604AB2A6079E400791C24 /* UpcomingViewController.swift in Sources */ = {isa = PBXBuildFile; fileRef = E21604AA2A6079E400791C24 /* UpcomingViewController.swift */; };
		E21604AD2A607A3200791C24 /* SearchViewController.swift in Sources */ = {isa = PBXBuildFile; fileRef = E21604AC2A607A3200791C24 /* SearchViewController.swift */; };
		E21604AF2A607A5600791C24 /* DownloadsViewController.swift in Sources */ = {isa = PBXBuildFile; fileRef = E21604AE2A607A5600791C24 /* DownloadsViewController.swift */; };
		E2322DE12A6959A400A57AC2 /* TitleCollectionViewCell.swift in Sources */ = {isa = PBXBuildFile; fileRef = E2322DE02A6959A400A57AC2 /* TitleCollectionViewCell.swift */; };
		E2322DE42A695B4F00A57AC2 /* SDWebImage in Frameworks */ = {isa = PBXBuildFile; productRef = E2322DE32A695B4F00A57AC2 /* SDWebImage */; };
		E2322DE62A695B4F00A57AC2 /* SDWebImageMapKit in Frameworks */ = {isa = PBXBuildFile; productRef = E2322DE52A695B4F00A57AC2 /* SDWebImageMapKit */; };
		E27171A92A684E5B00939D4D /* Extensions.swift in Sources */ = {isa = PBXBuildFile; fileRef = E27171A82A684E5B00939D4D /* Extensions.swift */; };
		E2C9B2B22A6832C400665F06 /* APICaller.swift in Sources */ = {isa = PBXBuildFile; fileRef = E2C9B2B12A6832C400665F06 /* APICaller.swift */; };
		E2C9B2B42A6832E300665F06 /* Contents.swift in Sources */ = {isa = PBXBuildFile; fileRef = E2C9B2B32A6832E300665F06 /* Contents.swift */; };
		E2C9B2B62A68332400665F06 /* Title.swift in Sources */ = {isa = PBXBuildFile; fileRef = E2C9B2B52A68332400665F06 /* Title.swift */; };
/* End PBXBuildFile section */

/* Begin PBXFileReference section */
		E2002CC12A61C8DF00625AD6 /* CollectionViewTableViewCell.swift */ = {isa = PBXFileReference; lastKnownFileType = sourcecode.swift; path = CollectionViewTableViewCell.swift; sourceTree = "<group>"; };
		E2002CC32A63059700625AD6 /* HeroHeaderUIView.swift */ = {isa = PBXFileReference; lastKnownFileType = sourcecode.swift; path = HeroHeaderUIView.swift; sourceTree = "<group>"; };
		E21604902A606FD900791C24 /* Netflix Clone.app */ = {isa = PBXFileReference; explicitFileType = wrapper.application; includeInIndex = 0; path = "Netflix Clone.app"; sourceTree = BUILT_PRODUCTS_DIR; };
		E21604932A606FD900791C24 /* AppDelegate.swift */ = {isa = PBXFileReference; lastKnownFileType = sourcecode.swift; path = AppDelegate.swift; sourceTree = "<group>"; };
		E21604952A606FD900791C24 /* SceneDelegate.swift */ = {isa = PBXFileReference; lastKnownFileType = sourcecode.swift; path = SceneDelegate.swift; sourceTree = "<group>"; };
		E21604972A606FD900791C24 /* MainTabBarViewController.swift */ = {isa = PBXFileReference; lastKnownFileType = sourcecode.swift; path = MainTabBarViewController.swift; sourceTree = "<group>"; };
		E216049C2A606FDA00791C24 /* Assets.xcassets */ = {isa = PBXFileReference; lastKnownFileType = folder.assetcatalog; path = Assets.xcassets; sourceTree = "<group>"; };
		E216049F2A606FDA00791C24 /* Base */ = {isa = PBXFileReference; lastKnownFileType = file.storyboard; name = Base; path = Base.lproj/LaunchScreen.storyboard; sourceTree = "<group>"; };
		E21604A12A606FDA00791C24 /* Info.plist */ = {isa = PBXFileReference; lastKnownFileType = text.plist.xml; path = Info.plist; sourceTree = "<group>"; };
		E21604A82A6079CE00791C24 /* HomeViewController.swift */ = {isa = PBXFileReference; lastKnownFileType = sourcecode.swift; path = HomeViewController.swift; sourceTree = "<group>"; };
		E21604AA2A6079E400791C24 /* UpcomingViewController.swift */ = {isa = PBXFileReference; lastKnownFileType = sourcecode.swift; path = UpcomingViewController.swift; sourceTree = "<group>"; };
		E21604AC2A607A3200791C24 /* SearchViewController.swift */ = {isa = PBXFileReference; lastKnownFileType = sourcecode.swift; path = SearchViewController.swift; sourceTree = "<group>"; };
		E21604AE2A607A5600791C24 /* DownloadsViewController.swift */ = {isa = PBXFileReference; lastKnownFileType = sourcecode.swift; path = DownloadsViewController.swift; sourceTree = "<group>"; };
		E2322DE02A6959A400A57AC2 /* TitleCollectionViewCell.swift */ = {isa = PBXFileReference; lastKnownFileType = sourcecode.swift; path = TitleCollectionViewCell.swift; sourceTree = "<group>"; };
		E27171A82A684E5B00939D4D /* Extensions.swift */ = {isa = PBXFileReference; lastKnownFileType = sourcecode.swift; path = Extensions.swift; sourceTree = "<group>"; };
		E2C9B2B12A6832C400665F06 /* APICaller.swift */ = {isa = PBXFileReference; lastKnownFileType = sourcecode.swift; path = APICaller.swift; sourceTree = "<group>"; };
		E2C9B2B32A6832E300665F06 /* Contents.swift */ = {isa = PBXFileReference; lastKnownFileType = sourcecode.swift; path = Contents.swift; sourceTree = "<group>"; };
		E2C9B2B52A68332400665F06 /* Title.swift */ = {isa = PBXFileReference; lastKnownFileType = sourcecode.swift; path = Title.swift; sourceTree = "<group>"; };
/* End PBXFileReference section */

/* Begin PBXFrameworksBuildPhase section */
		E216048D2A606FD900791C24 /* Frameworks */ = {
			isa = PBXFrameworksBuildPhase;
			buildActionMask = 2147483647;
			files = (
				E2322DE62A695B4F00A57AC2 /* SDWebImageMapKit in Frameworks */,
				E2322DE42A695B4F00A57AC2 /* SDWebImage in Frameworks */,
			);
			runOnlyForDeploymentPostprocessing = 0;
		};
/* End PBXFrameworksBuildPhase section */

/* Begin PBXGroup section */
		E2002CBD2A61B78600625AD6 /* View Models */ = {
			isa = PBXGroup;
			children = (
			);
			path = "View Models";
			sourceTree = "<group>";
		};
		E2002CBE2A61B78F00625AD6 /* Views */ = {
			isa = PBXGroup;
			children = (
				E2002CC12A61C8DF00625AD6 /* CollectionViewTableViewCell.swift */,
				E2002CC32A63059700625AD6 /* HeroHeaderUIView.swift */,
				E2322DE02A6959A400A57AC2 /* TitleCollectionViewCell.swift */,
			);
			path = Views;
			sourceTree = "<group>";
		};
		E2002CC02A61B79C00625AD6 /* Resources */ = {
			isa = PBXGroup;
			children = (
				E27171A82A684E5B00939D4D /* Extensions.swift */,
			);
			path = Resources;
			sourceTree = "<group>";
		};
		E21604872A606FD900791C24 = {
			isa = PBXGroup;
			children = (
				E21604922A606FD900791C24 /* Netflix Clone */,
				E21604912A606FD900791C24 /* Products */,
			);
			sourceTree = "<group>";
		};
		E21604912A606FD900791C24 /* Products */ = {
			isa = PBXGroup;
			children = (
				E21604902A606FD900791C24 /* Netflix Clone.app */,
			);
			name = Products;
			sourceTree = "<group>";
		};
		E21604922A606FD900791C24 /* Netflix Clone */ = {
			isa = PBXGroup;
			children = (
				E2C9B2B02A6832A700665F06 /* Services */,
				E2002CC02A61B79C00625AD6 /* Resources */,
				E21604A72A6079A400791C24 /* Controllers */,
				E2C9B2AF2A68328900665F06 /* Models */,
				E2002CBE2A61B78F00625AD6 /* Views */,
				E2002CBD2A61B78600625AD6 /* View Models */,
				E21604932A606FD900791C24 /* AppDelegate.swift */,
				E21604952A606FD900791C24 /* SceneDelegate.swift */,
				E21604972A606FD900791C24 /* MainTabBarViewController.swift */,
				E216049C2A606FDA00791C24 /* Assets.xcassets */,
				E216049E2A606FDA00791C24 /* LaunchScreen.storyboard */,
				E21604A12A606FDA00791C24 /* Info.plist */,
			);
			path = "Netflix Clone";
			sourceTree = "<group>";
		};
		E21604A72A6079A400791C24 /* Controllers */ = {
			isa = PBXGroup;
			children = (
				E21604A82A6079CE00791C24 /* HomeViewController.swift */,
				E21604AA2A6079E400791C24 /* UpcomingViewController.swift */,
				E21604AC2A607A3200791C24 /* SearchViewController.swift */,
				E21604AE2A607A5600791C24 /* DownloadsViewController.swift */,
			);
			path = Controllers;
			sourceTree = "<group>";
		};
		E2C9B2AF2A68328900665F06 /* Models */ = {
			isa = PBXGroup;
			children = (
				E2C9B2B52A68332400665F06 /* Title.swift */,
			);
			path = Models;
			sourceTree = "<group>";
		};
		E2C9B2B02A6832A700665F06 /* Services */ = {
			isa = PBXGroup;
			children = (
				E2C9B2B12A6832C400665F06 /* APICaller.swift */,
				E2C9B2B32A6832E300665F06 /* Contents.swift */,
			);
			path = Services;
			sourceTree = "<group>";
		};
/* End PBXGroup section */

/* Begin PBXNativeTarget section */
		E216048F2A606FD900791C24 /* Netflix Clone */ = {
			isa = PBXNativeTarget;
			buildConfigurationList = E21604A42A606FDA00791C24 /* Build configuration list for PBXNativeTarget "Netflix Clone" */;
			buildPhases = (
				E216048C2A606FD900791C24 /* Sources */,
				E216048D2A606FD900791C24 /* Frameworks */,
				E216048E2A606FD900791C24 /* Resources */,
			);
			buildRules = (
			);
			dependencies = (
			);
			name = "Netflix Clone";
			packageProductDependencies = (
				E2322DE32A695B4F00A57AC2 /* SDWebImage */,
				E2322DE52A695B4F00A57AC2 /* SDWebImageMapKit */,
			);
			productName = "Netflix Clone";
			productReference = E21604902A606FD900791C24 /* Netflix Clone.app */;
			productType = "com.apple.product-type.application";
		};
/* End PBXNativeTarget section */

/* Begin PBXProject section */
		E21604882A606FD900791C24 /* Project object */ = {
			isa = PBXProject;
			attributes = {
				BuildIndependentTargetsInParallel = 1;
				LastSwiftUpdateCheck = 1430;
				LastUpgradeCheck = 1430;
				TargetAttributes = {
					E216048F2A606FD900791C24 = {
						CreatedOnToolsVersion = 14.3.1;
					};
				};
			};
			buildConfigurationList = E216048B2A606FD900791C24 /* Build configuration list for PBXProject "Netflix Clone" */;
			compatibilityVersion = "Xcode 14.0";
			developmentRegion = en;
			hasScannedForEncodings = 0;
			knownRegions = (
				en,
				Base,
			);
			mainGroup = E21604872A606FD900791C24;
			packageReferences = (
				E2322DE22A695B4F00A57AC2 /* XCRemoteSwiftPackageReference "SDWebImage" */,
			);
			productRefGroup = E21604912A606FD900791C24 /* Products */;
			projectDirPath = "";
			projectRoot = "";
			targets = (
				E216048F2A606FD900791C24 /* Netflix Clone */,
			);
		};
/* End PBXProject section */

/* Begin PBXResourcesBuildPhase section */
		E216048E2A606FD900791C24 /* Resources */ = {
			isa = PBXResourcesBuildPhase;
			buildActionMask = 2147483647;
			files = (
				E21604A02A606FDA00791C24 /* LaunchScreen.storyboard in Resources */,
				E216049D2A606FDA00791C24 /* Assets.xcassets in Resources */,
			);
			runOnlyForDeploymentPostprocessing = 0;
		};
/* End PBXResourcesBuildPhase section */

/* Begin PBXSourcesBuildPhase section */
		E216048C2A606FD900791C24 /* Sources */ = {
			isa = PBXSourcesBuildPhase;
			buildActionMask = 2147483647;
			files = (
				E21604AD2A607A3200791C24 /* SearchViewController.swift in Sources */,
				E21604982A606FD900791C24 /* MainTabBarViewController.swift in Sources */,
				E2002CC22A61C8DF00625AD6 /* CollectionViewTableViewCell.swift in Sources */,
				E2C9B2B22A6832C400665F06 /* APICaller.swift in Sources */,
				E2C9B2B62A68332400665F06 /* Title.swift in Sources */,
				E2002CC42A63059700625AD6 /* HeroHeaderUIView.swift in Sources */,
				E2C9B2B42A6832E300665F06 /* Contents.swift in Sources */,
				E2322DE12A6959A400A57AC2 /* TitleCollectionViewCell.swift in Sources */,
				E21604AF2A607A5600791C24 /* DownloadsViewController.swift in Sources */,
				E27171A92A684E5B00939D4D /* Extensions.swift in Sources */,
				E21604942A606FD900791C24 /* AppDelegate.swift in Sources */,
				E21604962A606FD900791C24 /* SceneDelegate.swift in Sources */,
				E21604AB2A6079E400791C24 /* UpcomingViewController.swift in Sources */,
				E21604A92A6079CE00791C24 /* HomeViewController.swift in Sources */,
			);
			runOnlyForDeploymentPostprocessing = 0;
		};
/* End PBXSourcesBuildPhase section */

/* Begin PBXVariantGroup section */
		E216049E2A606FDA00791C24 /* LaunchScreen.storyboard */ = {
			isa = PBXVariantGroup;
			children = (
				E216049F2A606FDA00791C24 /* Base */,
			);
			name = LaunchScreen.storyboard;
			sourceTree = "<group>";
		};
/* End PBXVariantGroup section */

/* Begin XCBuildConfiguration section */
		E21604A22A606FDA00791C24 /* Debug */ = {
			isa = XCBuildConfiguration;
			buildSettings = {
				ALWAYS_SEARCH_USER_PATHS = NO;
				CLANG_ANALYZER_NONNULL = YES;
				CLANG_ANALYZER_NUMBER_OBJECT_CONVERSION = YES_AGGRESSIVE;
				CLANG_CXX_LANGUAGE_STANDARD = "gnu++20";
				CLANG_ENABLE_MODULES = YES;
				CLANG_ENABLE_OBJC_ARC = YES;
				CLANG_ENABLE_OBJC_WEAK = YES;
				CLANG_WARN_BLOCK_CAPTURE_AUTORELEASING = YES;
				CLANG_WARN_BOOL_CONVERSION = YES;
				CLANG_WARN_COMMA = YES;
				CLANG_WARN_CONSTANT_CONVERSION = YES;
				CLANG_WARN_DEPRECATED_OBJC_IMPLEMENTATIONS = YES;
				CLANG_WARN_DIRECT_OBJC_ISA_USAGE = YES_ERROR;
				CLANG_WARN_DOCUMENTATION_COMMENTS = YES;
				CLANG_WARN_EMPTY_BODY = YES;
				CLANG_WARN_ENUM_CONVERSION = YES;
				CLANG_WARN_INFINITE_RECURSION = YES;
				CLANG_WARN_INT_CONVERSION = YES;
				CLANG_WARN_NON_LITERAL_NULL_CONVERSION = YES;
				CLANG_WARN_OBJC_IMPLICIT_RETAIN_SELF = YES;
				CLANG_WARN_OBJC_LITERAL_CONVERSION = YES;
				CLANG_WARN_OBJC_ROOT_CLASS = YES_ERROR;
				CLANG_WARN_QUOTED_INCLUDE_IN_FRAMEWORK_HEADER = YES;
				CLANG_WARN_RANGE_LOOP_ANALYSIS = YES;
				CLANG_WARN_STRICT_PROTOTYPES = YES;
				CLANG_WARN_SUSPICIOUS_MOVE = YES;
				CLANG_WARN_UNGUARDED_AVAILABILITY = YES_AGGRESSIVE;
				CLANG_WARN_UNREACHABLE_CODE = YES;
				CLANG_WARN__DUPLICATE_METHOD_MATCH = YES;
				COPY_PHASE_STRIP = NO;
				DEBUG_INFORMATION_FORMAT = dwarf;
				ENABLE_STRICT_OBJC_MSGSEND = YES;
				ENABLE_TESTABILITY = YES;
				GCC_C_LANGUAGE_STANDARD = gnu11;
				GCC_DYNAMIC_NO_PIC = NO;
				GCC_NO_COMMON_BLOCKS = YES;
				GCC_OPTIMIZATION_LEVEL = 0;
				GCC_PREPROCESSOR_DEFINITIONS = (
					"DEBUG=1",
					"$(inherited)",
				);
				GCC_WARN_64_TO_32_BIT_CONVERSION = YES;
				GCC_WARN_ABOUT_RETURN_TYPE = YES_ERROR;
				GCC_WARN_UNDECLARED_SELECTOR = YES;
				GCC_WARN_UNINITIALIZED_AUTOS = YES_AGGRESSIVE;
				GCC_WARN_UNUSED_FUNCTION = YES;
				GCC_WARN_UNUSED_VARIABLE = YES;
				IPHONEOS_DEPLOYMENT_TARGET = 16.4;
				MTL_ENABLE_DEBUG_INFO = INCLUDE_SOURCE;
				MTL_FAST_MATH = YES;
				ONLY_ACTIVE_ARCH = YES;
				SDKROOT = iphoneos;
				SWIFT_ACTIVE_COMPILATION_CONDITIONS = DEBUG;
				SWIFT_OPTIMIZATION_LEVEL = "-Onone";
			};
			name = Debug;
		};
		E21604A32A606FDA00791C24 /* Release */ = {
			isa = XCBuildConfiguration;
			buildSettings = {
				ALWAYS_SEARCH_USER_PATHS = NO;
				CLANG_ANALYZER_NONNULL = YES;
				CLANG_ANALYZER_NUMBER_OBJECT_CONVERSION = YES_AGGRESSIVE;
				CLANG_CXX_LANGUAGE_STANDARD = "gnu++20";
				CLANG_ENABLE_MODULES = YES;
				CLANG_ENABLE_OBJC_ARC = YES;
				CLANG_ENABLE_OBJC_WEAK = YES;
				CLANG_WARN_BLOCK_CAPTURE_AUTORELEASING = YES;
				CLANG_WARN_BOOL_CONVERSION = YES;
				CLANG_WARN_COMMA = YES;
				CLANG_WARN_CONSTANT_CONVERSION = YES;
				CLANG_WARN_DEPRECATED_OBJC_IMPLEMENTATIONS = YES;
				CLANG_WARN_DIRECT_OBJC_ISA_USAGE = YES_ERROR;
				CLANG_WARN_DOCUMENTATION_COMMENTS = YES;
				CLANG_WARN_EMPTY_BODY = YES;
				CLANG_WARN_ENUM_CONVERSION = YES;
				CLANG_WARN_INFINITE_RECURSION = YES;
				CLANG_WARN_INT_CONVERSION = YES;
				CLANG_WARN_NON_LITERAL_NULL_CONVERSION = YES;
				CLANG_WARN_OBJC_IMPLICIT_RETAIN_SELF = YES;
				CLANG_WARN_OBJC_LITERAL_CONVERSION = YES;
				CLANG_WARN_OBJC_ROOT_CLASS = YES_ERROR;
				CLANG_WARN_QUOTED_INCLUDE_IN_FRAMEWORK_HEADER = YES;
				CLANG_WARN_RANGE_LOOP_ANALYSIS = YES;
				CLANG_WARN_STRICT_PROTOTYPES = YES;
				CLANG_WARN_SUSPICIOUS_MOVE = YES;
				CLANG_WARN_UNGUARDED_AVAILABILITY = YES_AGGRESSIVE;
				CLANG_WARN_UNREACHABLE_CODE = YES;
				CLANG_WARN__DUPLICATE_METHOD_MATCH = YES;
				COPY_PHASE_STRIP = NO;
				DEBUG_INFORMATION_FORMAT = "dwarf-with-dsym";
				ENABLE_NS_ASSERTIONS = NO;
				ENABLE_STRICT_OBJC_MSGSEND = YES;
				GCC_C_LANGUAGE_STANDARD = gnu11;
				GCC_NO_COMMON_BLOCKS = YES;
				GCC_WARN_64_TO_32_BIT_CONVERSION = YES;
				GCC_WARN_ABOUT_RETURN_TYPE = YES_ERROR;
				GCC_WARN_UNDECLARED_SELECTOR = YES;
				GCC_WARN_UNINITIALIZED_AUTOS = YES_AGGRESSIVE;
				GCC_WARN_UNUSED_FUNCTION = YES;
				GCC_WARN_UNUSED_VARIABLE = YES;
				IPHONEOS_DEPLOYMENT_TARGET = 16.4;
				MTL_ENABLE_DEBUG_INFO = NO;
				MTL_FAST_MATH = YES;
				SDKROOT = iphoneos;
				SWIFT_COMPILATION_MODE = wholemodule;
				SWIFT_OPTIMIZATION_LEVEL = "-O";
				VALIDATE_PRODUCT = YES;
			};
			name = Release;
		};
		E21604A52A606FDA00791C24 /* Debug */ = {
			isa = XCBuildConfiguration;
			buildSettings = {
				ASSETCATALOG_COMPILER_APPICON_NAME = AppIcon;
				ASSETCATALOG_COMPILER_GLOBAL_ACCENT_COLOR_NAME = AccentColor;
				CODE_SIGN_STYLE = Automatic;
				CURRENT_PROJECT_VERSION = 1;
				DEVELOPMENT_TEAM = 4HXT666CZK;
				GENERATE_INFOPLIST_FILE = YES;
				INFOPLIST_FILE = "Netflix Clone/Info.plist";
				INFOPLIST_KEY_LSApplicationCategoryType = "public.app-category.video";
				INFOPLIST_KEY_UIApplicationSupportsIndirectInputEvents = YES;
				INFOPLIST_KEY_UILaunchStoryboardName = LaunchScreen;
				INFOPLIST_KEY_UISupportedInterfaceOrientations_iPad = "UIInterfaceOrientationPortrait UIInterfaceOrientationPortraitUpsideDown UIInterfaceOrientationLandscapeLeft UIInterfaceOrientationLandscapeRight";
				INFOPLIST_KEY_UISupportedInterfaceOrientations_iPhone = "UIInterfaceOrientationPortrait UIInterfaceOrientationLandscapeLeft UIInterfaceOrientationLandscapeRight";
				LD_RUNPATH_SEARCH_PATHS = (
					"$(inherited)",
					"@executable_path/Frameworks",
				);
				MARKETING_VERSION = 1.0;
				PRODUCT_BUNDLE_IDENTIFIER = "com.denisdragan.Netflix-Clone";
				PRODUCT_NAME = "$(TARGET_NAME)";
				SWIFT_EMIT_LOC_STRINGS = YES;
				SWIFT_VERSION = 5.0;
				TARGETED_DEVICE_FAMILY = "1,2";
			};
			name = Debug;
		};
		E21604A62A606FDA00791C24 /* Release */ = {
			isa = XCBuildConfiguration;
			buildSettings = {
				ASSETCATALOG_COMPILER_APPICON_NAME = AppIcon;
				ASSETCATALOG_COMPILER_GLOBAL_ACCENT_COLOR_NAME = AccentColor;
				CODE_SIGN_STYLE = Automatic;
				CURRENT_PROJECT_VERSION = 1;
				DEVELOPMENT_TEAM = 4HXT666CZK;
				GENERATE_INFOPLIST_FILE = YES;
				INFOPLIST_FILE = "Netflix Clone/Info.plist";
				INFOPLIST_KEY_LSApplicationCategoryType = "public.app-category.video";
				INFOPLIST_KEY_UIApplicationSupportsIndirectInputEvents = YES;
				INFOPLIST_KEY_UILaunchStoryboardName = LaunchScreen;
				INFOPLIST_KEY_UISupportedInterfaceOrientations_iPad = "UIInterfaceOrientationPortrait UIInterfaceOrientationPortraitUpsideDown UIInterfaceOrientationLandscapeLeft UIInterfaceOrientationLandscapeRight";
				INFOPLIST_KEY_UISupportedInterfaceOrientations_iPhone = "UIInterfaceOrientationPortrait UIInterfaceOrientationLandscapeLeft UIInterfaceOrientationLandscapeRight";
				LD_RUNPATH_SEARCH_PATHS = (
					"$(inherited)",
					"@executable_path/Frameworks",
				);
				MARKETING_VERSION = 1.0;
				PRODUCT_BUNDLE_IDENTIFIER = "com.denisdragan.Netflix-Clone";
				PRODUCT_NAME = "$(TARGET_NAME)";
				SWIFT_EMIT_LOC_STRINGS = YES;
				SWIFT_VERSION = 5.0;
				TARGETED_DEVICE_FAMILY = "1,2";
			};
			name = Release;
		};
/* End XCBuildConfiguration section */

/* Begin XCConfigurationList section */
		E216048B2A606FD900791C24 /* Build configuration list for PBXProject "Netflix Clone" */ = {
			isa = XCConfigurationList;
			buildConfigurations = (
				E21604A22A606FDA00791C24 /* Debug */,
				E21604A32A606FDA00791C24 /* Release */,
			);
			defaultConfigurationIsVisible = 0;
			defaultConfigurationName = Release;
		};
		E21604A42A606FDA00791C24 /* Build configuration list for PBXNativeTarget "Netflix Clone" */ = {
			isa = XCConfigurationList;
			buildConfigurations = (
				E21604A52A606FDA00791C24 /* Debug */,
				E21604A62A606FDA00791C24 /* Release */,
			);
			defaultConfigurationIsVisible = 0;
			defaultConfigurationName = Release;
		};
/* End XCConfigurationList section */

/* Begin XCRemoteSwiftPackageReference section */
		E2322DE22A695B4F00A57AC2 /* XCRemoteSwiftPackageReference "SDWebImage" */ = {
			isa = XCRemoteSwiftPackageReference;
			repositoryURL = "https://github.com/SDWebImage/SDWebImage.git";
			requirement = {
				kind = upToNextMajorVersion;
				minimumVersion = 5.0.0;
			};
		};
/* End XCRemoteSwiftPackageReference section */

/* Begin XCSwiftPackageProductDependency section */
		E2322DE32A695B4F00A57AC2 /* SDWebImage */ = {
			isa = XCSwiftPackageProductDependency;
			package = E2322DE22A695B4F00A57AC2 /* XCRemoteSwiftPackageReference "SDWebImage" */;
			productName = SDWebImage;
		};
		E2322DE52A695B4F00A57AC2 /* SDWebImageMapKit */ = {
			isa = XCSwiftPackageProductDependency;
			package = E2322DE22A695B4F00A57AC2 /* XCRemoteSwiftPackageReference "SDWebImage" */;
			productName = SDWebImageMapKit;
		};
/* End XCSwiftPackageProductDependency section */
	};
	rootObject = E21604882A606FD900791C24 /* Project object */;
}
